# THIS IS AN AUTOGENERATED FILE. DO NOT EDIT THIS FILE DIRECTLY.
# yarn lockfile v1


"@module-federation/runtime-tools@0.5.1":
  version "0.5.1"
  resolved "https://registry.yarnpkg.com/@module-federation/runtime-tools/-/runtime-tools-0.5.1.tgz#1b1f93837159a6bf0c0ba78730d589a5a8f74aa3"
  integrity sha512-nfBedkoZ3/SWyO0hnmaxuz0R0iGPSikHZOAZ0N/dVSQaIzlffUo35B5nlC2wgWIc0JdMZfkwkjZRrnuuDIJbzg==
  dependencies:
    "@module-federation/runtime" "0.5.1"
    "@module-federation/webpack-bundler-runtime" "0.5.1"

"@module-federation/runtime@0.5.1":
  version "0.5.1"
  resolved "https://registry.yarnpkg.com/@module-federation/runtime/-/runtime-0.5.1.tgz#b548a75e2068952ff66ad717cbf73fc921edd5d7"
  integrity sha512-xgiMUWwGLWDrvZc9JibuEbXIbhXg6z2oUkemogSvQ4LKvrl/n0kbqP1Blk669mXzyWbqtSp6PpvNdwaE1aN5xQ==
  dependencies:
    "@module-federation/sdk" "0.5.1"

"@module-federation/sdk@0.5.1":
  version "0.5.1"
  resolved "https://registry.yarnpkg.com/@module-federation/sdk/-/sdk-0.5.1.tgz#6c0a4053c23fa84db7aae7e4736496c541de7191"
  integrity sha512-exvchtjNURJJkpqjQ3/opdbfeT2wPKvrbnGnyRkrwW5o3FH1LaST1tkiNviT6OXTexGaVc2DahbdniQHVtQ7pA==

"@module-federation/webpack-bundler-runtime@0.5.1":
  version "0.5.1"
  resolved "https://registry.yarnpkg.com/@module-federation/webpack-bundler-runtime/-/webpack-bundler-runtime-0.5.1.tgz#ef626af0d57e3568c474d66d7d3797366e09cafd"
  integrity sha512-mMhRFH0k2VjwHt3Jol9JkUsmI/4XlrAoBG3E0o7HoyoPYv1UFOWyqAflfANcUPgbYpvqmyLzDcO+3IT36LXnrA==
  dependencies:
    "@module-federation/runtime" "0.5.1"
    "@module-federation/sdk" "0.5.1"

"@rsbuild/core@^1.1.4":
  version "1.1.8"
  resolved "https://registry.yarnpkg.com/@rsbuild/core/-/core-1.1.8.tgz#62e5e411490220e4168391383220fc3dba0e6b97"
  integrity sha512-UhP260og3aJcqGWpnRcQXLVapdOZZ09JXaQKY+tE55A7nBw8DQy+qrtTsFZYvVKas1bq8GzhGfLxuglCst4Lnw==
  dependencies:
    "@rspack/core" "~1.1.5"
    "@rspack/lite-tapable" "~1.0.1"
    "@swc/helpers" "^0.5.15"
    core-js "~3.39.0"

"@rsbuild/core@^1.1.8":
  version "1.1.10"
  resolved "https://registry.yarnpkg.com/@rsbuild/core/-/core-1.1.10.tgz#3271ac72a74c348c4ac7cabc0c38a825cd3f0e25"
  integrity sha512-G0aVnoMSIZ4PNcW07tKtsOSoID9M03EAnCThRmUWMj1RXDqhbGje6AFBwGun9uz63bdxYEbEp9C8wH7dGi8aYQ==
  dependencies:
    "@rspack/core" "~1.1.6"
    "@rspack/lite-tapable" "~1.0.1"
    "@swc/helpers" "^0.5.15"
    core-js "~3.39.0"

"@rsbuild/plugin-react@^1.0.7":
  version "1.0.7"
  resolved "https://registry.yarnpkg.com/@rsbuild/plugin-react/-/plugin-react-1.0.7.tgz#7764cc4f715da94e5b6a0ed7fe8a1a0a9229b447"
  integrity sha512-t7T/GqDwodusTAnxGpqVRnQ/G+HYh98zk71qIg19WkjVJJGv57AC1Ppx0/6zzbZAbxU60bfK8TeEEXjhXCdSxA==
  dependencies:
    "@rspack/plugin-react-refresh" "~1.0.0"
    react-refresh "^0.14.2"

"@rspack/binding-darwin-arm64@1.1.5":
  version "1.1.5"
  resolved "https://registry.yarnpkg.com/@rspack/binding-darwin-arm64/-/binding-darwin-arm64-1.1.5.tgz#fde32a2f939e3a11f46b419a3c00d9822e4cb05d"
  integrity sha512-eEynmyPPl+OGYQ9LRFwiQosyRfcca3OQB73akqY4mqDRl39OyiBjq7347DLHJysgbm9z+B1bsiLuh2xc6mdclQ==

"@rspack/binding-darwin-arm64@1.1.6":
  version "1.1.6"
  resolved "https://registry.yarnpkg.com/@rspack/binding-darwin-arm64/-/binding-darwin-arm64-1.1.6.tgz#eb5a219caaf43e87b8077083692efc3a6491da7b"
  integrity sha512-x9dxm2yyiMuL1FBwvWNNMs2/mEUJmRoSRgYb8pblR7HDaTRORrjBFCqhaYlGyAqtQaeUy7o2VAQlE0BavIiFYA==

"@rspack/binding-darwin-x64@1.1.5":
  version "1.1.5"
  resolved "https://registry.yarnpkg.com/@rspack/binding-darwin-x64/-/binding-darwin-x64-1.1.5.tgz#f6d39aec9a4068fd5ddd8f2fb123b2e0473c9d19"
  integrity sha512-I6HPRgogewU5v1OKe3noEzq2U1FCEYAbW+smy+lPvpTW+3X6PlVMzTT4oelhB0EXDQ+KxjXH9KpOKON1hg/JGg==

"@rspack/binding-darwin-x64@1.1.6":
  version "1.1.6"
  resolved "https://registry.yarnpkg.com/@rspack/binding-darwin-x64/-/binding-darwin-x64-1.1.6.tgz#18c44135670857242c5dc96de2c63952050c934a"
  integrity sha512-o0seilveftGiDjy3VPxug20HmAgYyQbNEuagR3i93/t/PT/eWXHnik+C1jjwqcivZL1Zllqvy4tbZw393aROEQ==

"@rspack/binding-linux-arm64-gnu@1.1.5":
  version "1.1.5"
  resolved "https://registry.yarnpkg.com/@rspack/binding-linux-arm64-gnu/-/binding-linux-arm64-gnu-1.1.5.tgz#2c6f7cde6bda07cde6f101c2f3cfc3ca8b74d5f6"
  integrity sha512-LQnqucNa6Dr6y3By+/M2ARO4jDR3AM+PuCsHgzlYT0RDRLS+Ow3f50WbNBf7eI/DhrEA0aucYL3sz1ljguB3EA==

"@rspack/binding-linux-arm64-gnu@1.1.6":
  version "1.1.6"
  resolved "https://registry.yarnpkg.com/@rspack/binding-linux-arm64-gnu/-/binding-linux-arm64-gnu-1.1.6.tgz#ed132a3c3f7d34f9fea247c217dac12758785549"
  integrity sha512-4atnoknJx/c3KaQElsMIxHMpPf2jcRRdWsH/SdqJIRSrkWWakMK9Yv4TFwH680I4HDTMf1XLboMVScHzW8e+Mg==

"@rspack/binding-linux-arm64-musl@1.1.5":
  version "1.1.5"
  resolved "https://registry.yarnpkg.com/@rspack/binding-linux-arm64-musl/-/binding-linux-arm64-musl-1.1.5.tgz#25493af1a1be1134369ad7c80d5e7617e940245a"
  integrity sha512-b9L/9HJxrWY4cezPWqgj28I9Xe2XxwLHu8x0CMGobwF2XKR0QQVLAst38RW/EusJ8TURdyvNEOuRZlWEIJuYOw==

"@rspack/binding-linux-arm64-musl@1.1.6":
  version "1.1.6"
  resolved "https://registry.yarnpkg.com/@rspack/binding-linux-arm64-musl/-/binding-linux-arm64-musl-1.1.6.tgz#0bb92f5af5b398293c9935b5b3ec6c5acb1d1791"
  integrity sha512-7QMtwUtgFpt3/Y3/X18fSyN+kk4H8ZnZ8tDzQskVWc/j2AQYShZq56XQYqrhClzwujcCVAHauIQ2eiuJ2ASGag==

"@rspack/binding-linux-x64-gnu@1.1.5":
  version "1.1.5"
  resolved "https://registry.yarnpkg.com/@rspack/binding-linux-x64-gnu/-/binding-linux-x64-gnu-1.1.5.tgz#3b00fbafee345b466bd977956ab4b383a05439f9"
  integrity sha512-0az52ZXTg/ErCGC1v/oFLWByKAiXvng4euv+prwMWF6p1pA7lfLRLzdibDFO4KgC16Zlfcg3hqs7YikLng4x+w==

"@rspack/binding-linux-x64-gnu@1.1.6":
  version "1.1.6"
  resolved "https://registry.yarnpkg.com/@rspack/binding-linux-x64-gnu/-/binding-linux-x64-gnu-1.1.6.tgz#c4ef0d87ccae53243689c26c7441b94988227468"
  integrity sha512-MTjDEfPn4TwHoqs5d5Fck06kmXiTHZctGIcRVfrpg0RK0r1NLEHN+oosavRZ9c9H70f34+NmcHk+/qvV4c8lWg==

"@rspack/binding-linux-x64-musl@1.1.5":
  version "1.1.5"
  resolved "https://registry.yarnpkg.com/@rspack/binding-linux-x64-musl/-/binding-linux-x64-musl-1.1.5.tgz#db08affe5b251b484821977ba57ced4722794dc6"
  integrity sha512-EF/LJTtCTkuti2gJnCyvXHC5Q2L5M4+RXm5kj9Bfu/t0Zmmfe6Jd5QUsifgogioeL0ZsH/Pou5QiiVcOFcqFKQ==

"@rspack/binding-linux-x64-musl@1.1.6":
  version "1.1.6"
  resolved "https://registry.yarnpkg.com/@rspack/binding-linux-x64-musl/-/binding-linux-x64-musl-1.1.6.tgz#5800e662c05f259ae7647979bb81c076ea5afffb"
  integrity sha512-LqDw7PTVr/4ZuGA0izgDQfamfr72USFHltR1Qhy2YVC3JmDmhG/pQi13LHcOLVaGH1xoeyCmEPNJpVizzDxSjg==

"@rspack/binding-win32-arm64-msvc@1.1.5":
  version "1.1.5"
  resolved "https://registry.yarnpkg.com/@rspack/binding-win32-arm64-msvc/-/binding-win32-arm64-msvc-1.1.5.tgz#1fdc73e7db1df3f6793f3488cd2749ad8ebe8d52"
  integrity sha512-VEqhK6HwIHby6gtOkxIx66SkqYndiaP1ddZ3X39RLE40TY3KlNgfG/SzbN9J5Qb+8jjq3ogV8n50+wLEGkhiWw==

"@rspack/binding-win32-arm64-msvc@1.1.6":
  version "1.1.6"
  resolved "https://registry.yarnpkg.com/@rspack/binding-win32-arm64-msvc/-/binding-win32-arm64-msvc-1.1.6.tgz#d0f93bfa6ec1352f112710aa60f9c7a20a12490c"
  integrity sha512-RHApLM93YN0WdHpS35u2cm7VCqZ8Yg3CrNRL16VJtyT9e6MBqeScoe4XIgIWKPm7edFyedYAjLX0wQOApwfjkg==

"@rspack/binding-win32-ia32-msvc@1.1.5":
  version "1.1.5"
  resolved "https://registry.yarnpkg.com/@rspack/binding-win32-ia32-msvc/-/binding-win32-ia32-msvc-1.1.5.tgz#55d7c682d4c43bfa4518f8f53ee8822af2a5acba"
  integrity sha512-Yi2BwYehc5/sRVgI7zTGYJKjnV8UszAJt/stWdFHaq82chHiuuF/tQd1WcBUq0Iin9ylBMo16mRJAuFkFmJ74Q==

"@rspack/binding-win32-ia32-msvc@1.1.6":
  version "1.1.6"
  resolved "https://registry.yarnpkg.com/@rspack/binding-win32-ia32-msvc/-/binding-win32-ia32-msvc-1.1.6.tgz#bf7ea7c23b39ae6ddf16e51e0c88110f04f16868"
  integrity sha512-Y6lx4q0eJawRfMPBo/AclTJAPTZ325DSPFBQJB3TnWh9Z2X7P7pQcYc8PHDmfDuYRIdg5WRsQRvVxihSvF7v8w==

"@rspack/binding-win32-x64-msvc@1.1.5":
  version "1.1.5"
  resolved "https://registry.yarnpkg.com/@rspack/binding-win32-x64-msvc/-/binding-win32-x64-msvc-1.1.5.tgz#41801064908bd393f10cf5c865ff9a54d9b6918a"
  integrity sha512-4UArXYqJO1Ni7TmCw1T11JnrwfpoThDdiQ9k1P1voBWK3bDahPEBOptk9ZPu2+ZuRX8hFrvumRKkLY3oy7fTMw==

"@rspack/binding-win32-x64-msvc@1.1.6":
  version "1.1.6"
  resolved "https://registry.yarnpkg.com/@rspack/binding-win32-x64-msvc/-/binding-win32-x64-msvc-1.1.6.tgz#6e1a678b4a57efbbf3fe7f89c63d5bb4917aac1d"
  integrity sha512-UuCsfhC/yNuU7xLASOxNXcmsXi2ZvBX14GkxvcdChw6q7IIGNYUKXo1zgR8C1PE/6qDSxmLxbRMS+71d0H3HQg==

"@rspack/binding@1.1.5":
  version "1.1.5"
  resolved "https://registry.yarnpkg.com/@rspack/binding/-/binding-1.1.5.tgz#59897fd853172703d7fbb936f041c7bc612ca34d"
  integrity sha512-RsSkgi56Q5XUXut0qweLSE1C4Ogcm7g/ueKoOgsbHAYVKrCs9/dTFlPHWSIAaI7QWh0GWEePR/MM2O2HIu+1rw==
  optionalDependencies:
    "@rspack/binding-darwin-arm64" "1.1.5"
    "@rspack/binding-darwin-x64" "1.1.5"
    "@rspack/binding-linux-arm64-gnu" "1.1.5"
    "@rspack/binding-linux-arm64-musl" "1.1.5"
    "@rspack/binding-linux-x64-gnu" "1.1.5"
    "@rspack/binding-linux-x64-musl" "1.1.5"
    "@rspack/binding-win32-arm64-msvc" "1.1.5"
    "@rspack/binding-win32-ia32-msvc" "1.1.5"
    "@rspack/binding-win32-x64-msvc" "1.1.5"

"@rspack/binding@1.1.6":
  version "1.1.6"
  resolved "https://registry.yarnpkg.com/@rspack/binding/-/binding-1.1.6.tgz#d2773fd27efd7d0b3df01d69f9fbcf9b620d817a"
  integrity sha512-vfeBEgGOYVwqj5cQjGyvdfrr/BEihAHlyIsobL98FZjTF0uig+bj2yJUH5Ib5F0BpIUKVG3Pw0IjlUBqcVpZsQ==
  optionalDependencies:
    "@rspack/binding-darwin-arm64" "1.1.6"
    "@rspack/binding-darwin-x64" "1.1.6"
    "@rspack/binding-linux-arm64-gnu" "1.1.6"
    "@rspack/binding-linux-arm64-musl" "1.1.6"
    "@rspack/binding-linux-x64-gnu" "1.1.6"
    "@rspack/binding-linux-x64-musl" "1.1.6"
    "@rspack/binding-win32-arm64-msvc" "1.1.6"
    "@rspack/binding-win32-ia32-msvc" "1.1.6"
    "@rspack/binding-win32-x64-msvc" "1.1.6"

"@rspack/core@~1.1.5":
  version "1.1.5"
  resolved "https://registry.yarnpkg.com/@rspack/core/-/core-1.1.5.tgz#cb43c76a2af974a037db9435215248b51faa679d"
  integrity sha512-/FmxDeMuW8fJkhz8fHuCu7OiJHFKW78xclEu7LkEujWl4PqJgdWjUL/6FWIj50spRwj6PRfuc31hFSL4hbNfCA==
  dependencies:
    "@module-federation/runtime-tools" "0.5.1"
    "@rspack/binding" "1.1.5"
    "@rspack/lite-tapable" "1.0.1"
    caniuse-lite "^1.0.30001616"

"@rspack/core@~1.1.6":
  version "1.1.6"
  resolved "https://registry.yarnpkg.com/@rspack/core/-/core-1.1.6.tgz#f4cafa859cb1500238f9dd24cf69d82d15def10d"
  integrity sha512-q0VLphOF5VW2FEG7Vbdq3Ke4I74FbELE/8xmKghSalFtULLZ44SoSz8lyotfMim9GXIRFhDokAaH8WICmPxG+g==
  dependencies:
    "@module-federation/runtime-tools" "0.5.1"
    "@rspack/binding" "1.1.6"
    "@rspack/lite-tapable" "1.0.1"
    caniuse-lite "^1.0.30001616"

"@rspack/lite-tapable@1.0.1", "@rspack/lite-tapable@~1.0.1":
  version "1.0.1"
  resolved "https://registry.yarnpkg.com/@rspack/lite-tapable/-/lite-tapable-1.0.1.tgz#d4540a5d28bd6177164bc0ba0bee4bdec0458591"
  integrity sha512-VynGOEsVw2s8TAlLf/uESfrgfrq2+rcXB1muPJYBWbsm1Oa6r5qVQhjA5ggM6z/coYPrsVMgovl3Ff7Q7OCp1w==

"@rspack/plugin-react-refresh@~1.0.0":
  version "1.0.0"
  resolved "https://registry.yarnpkg.com/@rspack/plugin-react-refresh/-/plugin-react-refresh-1.0.0.tgz#7e0cc22b157d25131be4283667cdbb86960a3650"
  integrity sha512-WvXkLewW5G0Mlo5H1b251yDh5FFiH4NDAbYlFpvFjcuXX2AchZRf9zdw57BDE/ADyWsJgA8kixN/zZWBTN3iYA==
  dependencies:
    error-stack-parser "^2.0.6"
    html-entities "^2.1.0"

"@swc/helpers@^0.5.15":
  version "0.5.15"
  resolved "https://registry.yarnpkg.com/@swc/helpers/-/helpers-0.5.15.tgz#79efab344c5819ecf83a43f3f9f811fc84b516d7"
  integrity sha512-JQ5TuMi45Owi4/BIMAJBoSQoOJu12oOk/gADqlcUL9JEdHB8vyjUSsxqeNXnmXHjYKMi2WcYtezGEEhqUI/E2g==
  dependencies:
    tslib "^2.8.0"

"@types/cookie@^0.6.0":
  version "0.6.0"
  resolved "https://registry.yarnpkg.com/@types/cookie/-/cookie-0.6.0.tgz#eac397f28bf1d6ae0ae081363eca2f425bedf0d5"
  integrity sha512-4Kh9a6B2bQciAhf7FSuMRRkUWecJgJu9nPnx3yzpsfXX/c50REIqpHY4C82bXP90qrLtXtkDxTZosYO3UpOwlA==

"@types/node@*":
  version "22.10.1"
  resolved "https://registry.yarnpkg.com/@types/node/-/node-22.10.1.tgz#41ffeee127b8975a05f8c4f83fb89bcb2987d766"
  integrity sha512-qKgsUwfHZV2WCWLAnVP1JqnpE6Im6h3Y0+fYgMTasNQ7V++CBX5OT1as0g0f+OyubbFqhf6XVNIsmN4IIhEgGQ==
  dependencies:
    undici-types "~6.20.0"

"@types/node@~20.12.8":
  version "20.12.14"
  resolved "https://registry.yarnpkg.com/@types/node/-/node-20.12.14.tgz#0c5cf7ef26aedfd64b0539bba9380ed1f57dcc77"
  integrity sha512-scnD59RpYD91xngrQQLGkE+6UrHUPzeKZWhhjBSa3HSkwjbQc38+q3RoIVEwxQGRw3M+j5hpNAM+lgV3cVormg==
  dependencies:
    undici-types "~5.26.4"

"@types/react-dom@^19.0.0":
  version "19.0.2"
  resolved "https://registry.yarnpkg.com/@types/react-dom/-/react-dom-19.0.2.tgz#ad21f9a1ee881817995fd3f7fd33659c87e7b1b7"
  integrity sha512-c1s+7TKFaDRRxr1TxccIX2u7sfCnc3RxkVyBIUA2lCpyqCF+QoAwQ/CBg7bsMdVwP120HEH143VQezKtef5nCg==

"@types/react@^19.0.0":
  version "19.0.1"
  resolved "https://registry.yarnpkg.com/@types/react/-/react-19.0.1.tgz#a000d5b78f473732a08cecbead0f3751e550b3df"
  integrity sha512-YW6614BDhqbpR5KtUYzTA+zlA7nayzJRA9ljz9CQoxthR0sDisYZLuvSMsil36t4EH/uAt8T52Xb4sVw17G+SQ==
  dependencies:
    csstype "^3.0.2"

"@types/ws@~8.5.10":
  version "8.5.13"
  resolved "https://registry.yarnpkg.com/@types/ws/-/ws-8.5.13.tgz#6414c280875e2691d0d1e080b05addbf5cb91e20"
  integrity sha512-osM/gWBTPKgHV8XkTunnegTRIsvF6owmf5w+JtAfOw472dptdm0dlGv4xCt6GwQRcC2XVOvvRE/0bAoQcL2QkA==
  dependencies:
    "@types/node" "*"

ansi-regex@^5.0.1:
  version "5.0.1"
  resolved "https://registry.yarnpkg.com/ansi-regex/-/ansi-regex-5.0.1.tgz#082cb2c89c9fe8659a311a53bd6a4dc5301db304"
  integrity sha512-quJQXlTSUGL2LH9SUXo8VwsY4soanhgo6LNSm84E1LBcE8s3O0wpdiRzyR9z/ZZJMlMWv37qOOb9pdJlMUEKFQ==

ansi-styles@^4.0.0, ansi-styles@^4.1.0:
  version "4.3.0"
  resolved "https://registry.yarnpkg.com/ansi-styles/-/ansi-styles-4.3.0.tgz#edd803628ae71c04c85ae7a0906edad34b648937"
  integrity sha512-zbB9rCJAT1rbjiVDb2hqKFHNYLxgtk8NURxZ3IZwD3F6NtxbXZQCnnSi1Lkx+IDohdPlFp222wVALIheZJQSEg==
  dependencies:
    color-convert "^2.0.1"

bun-types@latest:
  version "1.1.38"
  resolved "https://registry.yarnpkg.com/bun-types/-/bun-types-1.1.38.tgz#221160a568004b4c60b48234f4fe574d74aad2f2"
  integrity sha512-iglB2t9z1Hc6DIuwwscwWj/csx22QlCZ96QbcqQfiy1wmuZ38srQLI/fDVkFHAo2+KL7aJZGVWF+nAWrR6Njig==
  dependencies:
    "@types/node" "~20.12.8"
    "@types/ws" "~8.5.10"

caniuse-lite@^1.0.30001616:
  version "1.0.30001686"
  resolved "https://registry.yarnpkg.com/caniuse-lite/-/caniuse-lite-1.0.30001686.tgz#0e04b8d90de8753188e93c9989d56cb19d902670"
  integrity sha512-Y7deg0Aergpa24M3qLC5xjNklnKnhsmSyR/V89dLZ1n0ucJIFNs7PgR2Yfa/Zf6W79SbBicgtGxZr2juHkEUIA==

chalk@^4.1.2:
  version "4.1.2"
  resolved "https://registry.yarnpkg.com/chalk/-/chalk-4.1.2.tgz#aac4e2b7734a740867aeb16bf02aad556a1e7a01"
  integrity sha512-oKnbhFyRIXpUuez8iBMmyEa4nbj4IOQyuhc/wy9kY7/WVPcwIO9VA668Pu8RkO7+0G76SLROeyw9CpQ061i4mA==
  dependencies:
    ansi-styles "^4.1.0"
    supports-color "^7.1.0"

cliui@^8.0.1:
  version "8.0.1"
  resolved "https://registry.yarnpkg.com/cliui/-/cliui-8.0.1.tgz#0c04b075db02cbfe60dc8e6cf2f5486b1a3608aa"
  integrity sha512-BSeNnyus75C4//NQ9gQt1/csTXyo/8Sb+afLAkzAptFuMsod9HFokGNudZpi/oQV73hnVK+sR+5PVRMd+Dr7YQ==
  dependencies:
    string-width "^4.2.0"
    strip-ansi "^6.0.1"
    wrap-ansi "^7.0.0"

color-convert@^2.0.1:
  version "2.0.1"
  resolved "https://registry.yarnpkg.com/color-convert/-/color-convert-2.0.1.tgz#72d3a68d598c9bdb3af2ad1e84f21d896abd4de3"
  integrity sha512-RRECPsj7iu/xb5oKYcsFHSppFNnsj/52OVTRKb4zP5onXwVF3zVmmToNcOfGC+CRDpfK/U584fMg38ZHCaElKQ==
  dependencies:
    color-name "~1.1.4"

color-name@~1.1.4:
  version "1.1.4"
  resolved "https://registry.yarnpkg.com/color-name/-/color-name-1.1.4.tgz#c2a09a87acbde69543de6f63fa3995c826c536a2"
  integrity sha512-dOy+3AuW3a2wNbZHIuMZpTcgjGuLU/uBL/ubcZF9OXbDo8ff4O8yVp5Bf0efS8uEoYo5q4Fx7dY9OgQGXgAsQA==

concurrently@^9.1.0:
  version "9.1.0"
  resolved "https://registry.yarnpkg.com/concurrently/-/concurrently-9.1.0.tgz#8da6d609f4321752912dab9be8710232ac496aa0"
  integrity sha512-VxkzwMAn4LP7WyMnJNbHN5mKV9L2IbyDjpzemKr99sXNR3GqRNMMHdm7prV1ws9wg7ETj6WUkNOigZVsptwbgg==
  dependencies:
    chalk "^4.1.2"
    lodash "^4.17.21"
    rxjs "^7.8.1"
    shell-quote "^1.8.1"
    supports-color "^8.1.1"
    tree-kill "^1.2.2"
    yargs "^17.7.2"

cookie@^1.0.1:
  version "1.0.2"
  resolved "https://registry.yarnpkg.com/cookie/-/cookie-1.0.2.tgz#27360701532116bd3f1f9416929d176afe1e4610"
  integrity sha512-9Kr/j4O16ISv8zBBhJoi4bXOYNTkFLOqSL3UDB0njXxCXNezjeyVrJyGOWtgfs/q2km1gwBcfH8q1yEGoMYunA==

core-js@~3.39.0:
  version "3.39.0"
  resolved "https://registry.yarnpkg.com/core-js/-/core-js-3.39.0.tgz#57f7647f4d2d030c32a72ea23a0555b2eaa30f83"
  integrity sha512-raM0ew0/jJUqkJ0E6e8UDtl+y/7ktFivgWvqw8dNSQeNWoSDLvQ1H/RN3aPXB9tBd4/FhyR4RDPGhsNIMsAn7g==

csstype@^3.0.2:
  version "3.1.3"
  resolved "https://registry.yarnpkg.com/csstype/-/csstype-3.1.3.tgz#d80ff294d114fb0e6ac500fbf85b60137d7eff81"
  integrity sha512-M1uQkMl8rQK/szD0LNhtqxIPLpimGm8sOBwU7lLnCpSbTyY3yeU1Vc7l4KT5zT4s/yOxHH5O7tIuuLOCnLADRw==

emoji-regex@^8.0.0:
  version "8.0.0"
  resolved "https://registry.yarnpkg.com/emoji-regex/-/emoji-regex-8.0.0.tgz#e818fd69ce5ccfcb404594f842963bf53164cc37"
  integrity sha512-MSjYzcWNOA0ewAHpz0MxpYFvwg6yjy1NG3xteoqz644VCo/RPgnr1/GGt+ic3iJTzQ8Eu3TdM14SawnVUmGE6A==

error-stack-parser@^2.0.6:
  version "2.1.4"
  resolved "https://registry.yarnpkg.com/error-stack-parser/-/error-stack-parser-2.1.4.tgz#229cb01cdbfa84440bfa91876285b94680188286"
  integrity sha512-Sk5V6wVazPhq5MhpO+AUxJn5x7XSXGl1R93Vn7i+zS15KDVxQijejNCrz8340/2bgLBjR9GtEG8ZVKONDjcqGQ==
  dependencies:
    stackframe "^1.3.4"

escalade@^3.1.1:
  version "3.2.0"
  resolved "https://registry.yarnpkg.com/escalade/-/escalade-3.2.0.tgz#011a3f69856ba189dffa7dc8fcce99d2a87903e5"
  integrity sha512-WUj2qlxaQtO4g6Pq5c29GTcWGDyd8itL8zTlipgECz3JesAiiOKotd8JU6otB3PACgG6xkJUyVhboMS+bje/jA==

get-caller-file@^2.0.5:
  version "2.0.5"
  resolved "https://registry.yarnpkg.com/get-caller-file/-/get-caller-file-2.0.5.tgz#4f94412a82db32f36e3b0b9741f8a97feb031f7e"
  integrity sha512-DyFP3BM/3YHTQOCUL/w0OZHR0lpKeGrxotcHWcqNEdnltqFwXVfhEBQ94eIo34AfQpo0rGki4cyIiftY06h2Fg==

has-flag@^4.0.0:
  version "4.0.0"
  resolved "https://registry.yarnpkg.com/has-flag/-/has-flag-4.0.0.tgz#944771fd9c81c81265c4d6941860da06bb59479b"
  integrity sha512-EykJT/Q1KjTWctppgIAgfSO0tKVuZUjhgMr17kqTumMl6Afv3EISleU7qZUzoXDFTAHTDC4NOoG/ZxU3EvlMPQ==

html-entities@^2.1.0:
  version "2.5.2"
  resolved "https://registry.yarnpkg.com/html-entities/-/html-entities-2.5.2.tgz#201a3cf95d3a15be7099521620d19dfb4f65359f"
  integrity sha512-K//PSRMQk4FZ78Kyau+mZurHn3FH0Vwr+H36eE0rPbeYkRRi9YxceYPhuN60UwWorxyKHhqoAJl2OFKa4BVtaA==

is-fullwidth-code-point@^3.0.0:
  version "3.0.0"
  resolved "https://registry.yarnpkg.com/is-fullwidth-code-point/-/is-fullwidth-code-point-3.0.0.tgz#f116f8064fe90b3f7844a38997c0b75051269f1d"
  integrity sha512-zymm5+u+sCsSWyD9qNaejV3DFvhCKclKdizYaJUuHA83RLjb7nSuGnddCHGv0hk+KY7BMAlsWeK4Ueg6EV6XQg==

"js-tokens@^3.0.0 || ^4.0.0":
  version "4.0.0"
  resolved "https://registry.yarnpkg.com/js-tokens/-/js-tokens-4.0.0.tgz#19203fb59991df98e3a287050d4647cdeaf32499"
  integrity sha512-RdJUflcE3cUzKiMqQgsCu06FPu9UdIJO0beYbPhHN4k6apgJtifcoCtT9bcxOpYBtpD2kCM6Sbzg4CausW/PKQ==

lodash@^4.17.21:
  version "4.17.21"
  resolved "https://registry.yarnpkg.com/lodash/-/lodash-4.17.21.tgz#679591c564c3bffaae8454cf0b3df370c3d6911c"
  integrity sha512-v2kDEe57lecTulaDIuNTPy3Ry4gLGJ6Z1O3vE1krgXZNrsQ+LFTGHVxVjcXPs17LhbZVGedAJv8XZ1tvj5FvSg==

loose-envify@^1.1.0:
  version "1.4.0"
  resolved "https://registry.yarnpkg.com/loose-envify/-/loose-envify-1.4.0.tgz#71ee51fa7be4caec1a63839f7e682d8132d30caf"
  integrity sha512-lyuxPGr/Wfhrlem2CL/UcnUc1zcqKAImBDzukY7Y5F/yQiNdko6+fRLevlw1HgMySw7f611UIY408EtxRSoK3Q==
  dependencies:
    js-tokens "^3.0.0 || ^4.0.0"

number-to-words@^1.2.4:
  version "1.2.4"
  resolved "https://registry.yarnpkg.com/number-to-words/-/number-to-words-1.2.4.tgz#e0f124de9628f8d86c4eeb89bac6c07699264501"
  integrity sha512-/fYevVkXRcyBiZDg6yzZbm0RuaD6i0qRfn8yr+6D0KgBMOndFPxuW10qCHpzs50nN8qKuv78k8MuotZhcVX6Pw==

prettier@^3.2.4:
  version "3.4.2"
  resolved "https://registry.yarnpkg.com/prettier/-/prettier-3.4.2.tgz#a5ce1fb522a588bf2b78ca44c6e6fe5aa5a2b13f"
  integrity sha512-e9MewbtFo+Fevyuxn/4rrcDAaq0IYxPGLvObpQjiZBMAzB9IGmzlnG9RZy3FFas+eBMu2vA0CszMeduow5dIuQ==

react-collapsible@^2.10.0:
  version "2.10.0"
  resolved "https://registry.yarnpkg.com/react-collapsible/-/react-collapsible-2.10.0.tgz#57330f9f4f968a41ece49c651b56cf30f9a06d19"
  integrity sha512-kEVsmlFfXBMTCnU5gwIv19MdmPAhbIPzz5Er37TiJSzRKS0IHrqAKQyQeHEmtoGIQMTcVI46FzE4z3NlVTx77A==

react-dom@^18.3.1:
  version "18.3.1"
  resolved "https://registry.yarnpkg.com/react-dom/-/react-dom-18.3.1.tgz#c2265d79511b57d479b3dd3fdfa51536494c5cb4"
  integrity sha512-5m4nQKp+rZRb09LNH59GM4BxTh9251/ylbKIbpe7TpGxfJ+9kv6BLkLBXIjjspbgbnIBNqlI23tRnTWT0snUIw==
  dependencies:
    loose-envify "^1.1.0"
    scheduler "^0.23.2"

react-dom@^19.0.0:
  version "19.0.0"
  resolved "https://registry.yarnpkg.com/react-dom/-/react-dom-19.0.0.tgz#43446f1f01c65a4cd7f7588083e686a6726cfb57"
  integrity sha512-4GV5sHFG0e/0AD4X+ySy6UJd3jVl1iNsNHdpad0qhABJ11twS3TTBnseqsKurKcsNqCEFeGL3uLpVChpIO3QfQ==
  dependencies:
    scheduler "^0.25.0"

react-fast-compare@^3.2.2:
  version "3.2.2"
  resolved "https://registry.yarnpkg.com/react-fast-compare/-/react-fast-compare-3.2.2.tgz#929a97a532304ce9fee4bcae44234f1ce2c21d49"
  integrity sha512-nsO+KSNgo1SbJqJEYRE9ERzo7YtYbou/OqjSQKxV7jcKox7+usiUVZOAC+XnDOABXggQTno0Y1CpVnuWEc1boQ==

react-refresh@^0.14.2:
  version "0.14.2"
  resolved "https://registry.yarnpkg.com/react-refresh/-/react-refresh-0.14.2.tgz#3833da01ce32da470f1f936b9d477da5c7028bf9"
  integrity sha512-jCvmsr+1IUSMUyzOkRcvnVbX3ZYC6g9TDrDbFuFmRDq7PD4yaGbLKNQL6k2jnArV8hjYxh7hVhAZB6s9HDGpZA==

react-router-dom@^7.0.2:
  version "7.0.2"
  resolved "https://registry.yarnpkg.com/react-router-dom/-/react-router-dom-7.0.2.tgz#cbd7ce2db7112f1bc3e9eee3657ad32d7515a913"
  integrity sha512-VJOQ+CDWFDGaWdrG12Nl+d7yHtLaurNgAQZVgaIy7/Xd+DojgmYLosFfZdGz1wpxmjJIAkAMVTKWcvkx1oggAw==
  dependencies:
    react-router "7.0.2"

react-router@7.0.2:
  version "7.0.2"
  resolved "https://registry.yarnpkg.com/react-router/-/react-router-7.0.2.tgz#2820e107cb8cec8acc5db15a17470c056ea86022"
  integrity sha512-m5AcPfTRUcjwmhBzOJGEl6Y7+Crqyju0+TgTQxoS4SO+BkWbhOrcfZNq6wSWdl2BBbJbsAoBUb8ZacOFT+/JlA==
  dependencies:
    "@types/cookie" "^0.6.0"
    cookie "^1.0.1"
    set-cookie-parser "^2.6.0"
    turbo-stream "2.4.0"

react-snowfall@^2.2.0:
  version "2.2.0"
  resolved "https://registry.yarnpkg.com/react-snowfall/-/react-snowfall-2.2.0.tgz#0856a72c4d29d27a6a14301c0f5deb51296fb4df"
  integrity sha512-dRk7vEHq/ZUOG+JHk2k/hH3HmliOWGXr4rKRDeW4mjWuHeI1r5h0Lc1r2jnTtUS1im702d6tCmNGymlNTdhXYg==
  dependencies:
    react-fast-compare "^3.2.2"

react@^18.3.1:
  version "18.3.1"
  resolved "https://registry.yarnpkg.com/react/-/react-18.3.1.tgz#49ab892009c53933625bd16b2533fc754cab2891"
  integrity sha512-wS+hAgJShR0KhEvPJArfuPVN1+Hz1t0Y6n5jLrGQbkb4urgPE/0Rve+1kMB1v/oWgHgm4WIcV+i7F2pTVj+2iQ==
  dependencies:
    loose-envify "^1.1.0"

react@^19.0.0:
  version "19.0.0"
  resolved "https://registry.yarnpkg.com/react/-/react-19.0.0.tgz#6e1969251b9f108870aa4bff37a0ce9ddfaaabdd"
  integrity sha512-V8AVnmPIICiWpGfm6GLzCR/W5FXLchHop40W4nXBmdlEceh16rCN8O8LNWm5bh5XUX91fh7KpA+W0TgMKmgTpQ==

require-directory@^2.1.1:
  version "2.1.1"
  resolved "https://registry.yarnpkg.com/require-directory/-/require-directory-2.1.1.tgz#8c64ad5fd30dab1c976e2344ffe7f792a6a6df42"
  integrity sha512-fGxEI7+wsG9xrvdjsrlmL22OMTTiHRwAMroiEeMgq8gzoLC/PQr7RsRDSTLUg/bZAZtF+TVIkHc6/4RIKrui+Q==

rxjs@^7.8.1:
  version "7.8.1"
  resolved "https://registry.yarnpkg.com/rxjs/-/rxjs-7.8.1.tgz#6f6f3d99ea8044291efd92e7c7fcf562c4057543"
  integrity sha512-AA3TVj+0A2iuIoQkWEK/tqFjBq2j+6PO6Y0zJcvzLAFhEFIO3HL0vls9hWLncZbAAbK0mar7oZ4V079I/qPMxg==
  dependencies:
    tslib "^2.1.0"

scheduler@^0.23.2:
  version "0.23.2"
  resolved "https://registry.yarnpkg.com/scheduler/-/scheduler-0.23.2.tgz#414ba64a3b282892e944cf2108ecc078d115cdc3"
  integrity sha512-UOShsPwz7NrMUqhR6t0hWjFduvOzbtv7toDH1/hIrfRNIDBnnBWd0CwJTGvTpngVlmwGCdP9/Zl/tVrDqcuYzQ==
  dependencies:
    loose-envify "^1.1.0"

scheduler@^0.25.0:
  version "0.25.0"
  resolved "https://registry.yarnpkg.com/scheduler/-/scheduler-0.25.0.tgz#336cd9768e8cceebf52d3c80e3dcf5de23e7e015"
  integrity sha512-xFVuu11jh+xcO7JOAGJNOXld8/TcEHK/4CituBUeUb5hqxJLj9YuemAEuvm9gQ/+pgXYfbQuqAkiYu+u7YEsNA==

set-cookie-parser@^2.6.0:
  version "2.7.1"
  resolved "https://registry.yarnpkg.com/set-cookie-parser/-/set-cookie-parser-2.7.1.tgz#3016f150072202dfbe90fadee053573cc89d2943"
  integrity sha512-IOc8uWeOZgnb3ptbCURJWNjWUPcO3ZnTTdzsurqERrP6nPyv+paC55vJM0LpOlT2ne+Ix+9+CRG1MNLlyZ4GjQ==

shell-quote@^1.8.1:
  version "1.8.2"
  resolved "https://registry.yarnpkg.com/shell-quote/-/shell-quote-1.8.2.tgz#d2d83e057959d53ec261311e9e9b8f51dcb2934a"
  integrity sha512-AzqKpGKjrj7EM6rKVQEPpB288oCfnrEIuyoT9cyF4nmGa7V8Zk6f7RRqYisX8X9m+Q7bd632aZW4ky7EhbQztA==

stackframe@^1.3.4:
  version "1.3.4"
  resolved "https://registry.yarnpkg.com/stackframe/-/stackframe-1.3.4.tgz#b881a004c8c149a5e8efef37d51b16e412943310"
  integrity sha512-oeVtt7eWQS+Na6F//S4kJ2K2VbRlS9D43mAlMyVpVWovy9o+jfgH8O9agzANzaiLjclA0oYzUXEM4PurhSUChw==

string-width@^4.1.0, string-width@^4.2.0, string-width@^4.2.3:
  version "4.2.3"
  resolved "https://registry.yarnpkg.com/string-width/-/string-width-4.2.3.tgz#269c7117d27b05ad2e536830a8ec895ef9c6d010"
  integrity sha512-wKyQRQpjJ0sIp62ErSZdGsjMJWsap5oRNihHhu6G7JVO/9jIB6UyevL+tXuOqrng8j/cxKTWyWUwvSTriiZz/g==
  dependencies:
    emoji-regex "^8.0.0"
    is-fullwidth-code-point "^3.0.0"
    strip-ansi "^6.0.1"

strip-ansi@^6.0.0, strip-ansi@^6.0.1:
  version "6.0.1"
  resolved "https://registry.yarnpkg.com/strip-ansi/-/strip-ansi-6.0.1.tgz#9e26c63d30f53443e9489495b2105d37b67a85d9"
  integrity sha512-Y38VPSHcqkFrCpFnQ9vuSXmquuv5oXOKpGeT6aGrr3o3Gc9AlVa6JBfUSOCnbxGGZF+/0ooI7KrPuUSztUdU5A==
  dependencies:
    ansi-regex "^5.0.1"

supports-color@^7.1.0:
  version "7.2.0"
  resolved "https://registry.yarnpkg.com/supports-color/-/supports-color-7.2.0.tgz#1b7dcdcb32b8138801b3e478ba6a51caa89648da"
  integrity sha512-qpCAvRl9stuOHveKsn7HncJRvv501qIacKzQlO/+Lwxc9+0q2wLyv4Dfvt80/DPn2pqOBsJdDiogXGR9+OvwRw==
  dependencies:
    has-flag "^4.0.0"

supports-color@^8.1.1:
  version "8.1.1"
  resolved "https://registry.yarnpkg.com/supports-color/-/supports-color-8.1.1.tgz#cd6fc17e28500cff56c1b86c0a7fd4a54a73005c"
  integrity sha512-MpUEN2OodtUzxvKQl72cUF7RQ5EiHsGvSsVG0ia9c5RbWGL2CI4C7EpPS8UTBIplnlzZiNuV56w+FuNxy3ty2Q==
  dependencies:
    has-flag "^4.0.0"

tree-kill@^1.2.2:
  version "1.2.2"
  resolved "https://registry.yarnpkg.com/tree-kill/-/tree-kill-1.2.2.tgz#4ca09a9092c88b73a7cdc5e8a01b507b0790a0cc"
  integrity sha512-L0Orpi8qGpRG//Nd+H90vFB+3iHnue1zSSGmNOOCh1GLJ7rUKVwV2HvijphGQS2UmhUZewS9VgvxYIdgr+fG1A==

tslib@^2.1.0, tslib@^2.8.0:
  version "2.8.1"
  resolved "https://registry.yarnpkg.com/tslib/-/tslib-2.8.1.tgz#612efe4ed235d567e8aba5f2a5fab70280ade83f"
  integrity sha512-oJFu94HQb+KVduSUQL7wnpmqnfmLsOA/nAh6b6EH0wCEoK0/mPeXU6c3wKDV83MkOuHPRHtSXKKU99IBazS/2w==

turbo-stream@2.4.0:
  version "2.4.0"
  resolved "https://registry.yarnpkg.com/turbo-stream/-/turbo-stream-2.4.0.tgz#1e4fca6725e90fa14ac4adb782f2d3759a5695f0"
  integrity sha512-FHncC10WpBd2eOmGwpmQsWLDoK4cqsA/UT/GqNoaKOQnT8uzhtCbg3EoUDMvqpOSAI0S26mr0rkjzbOO6S3v1g==

typescript@^5.7.2:
  version "5.7.2"
  resolved "https://registry.yarnpkg.com/typescript/-/typescript-5.7.2.tgz#3169cf8c4c8a828cde53ba9ecb3d2b1d5dd67be6"
  integrity sha512-i5t66RHxDvVN40HfDd1PsEThGNnlMCMT3jMUuoh9/0TaqWevNontacunWyN02LA9/fIbEWlcHZcgTKb9QoaLfg==

undici-types@~5.26.4:
  version "5.26.5"
  resolved "https://registry.yarnpkg.com/undici-types/-/undici-types-5.26.5.tgz#bcd539893d00b56e964fd2657a4866b221a65617"
  integrity sha512-JlCMO+ehdEIKqlFxk6IfVoAUVmgz7cU7zD/h9XZ0qzeosSHmUJVOzSQvvYSYWXkFXC+IfLKSIffhv0sVZup6pA==

undici-types@~6.20.0:
  version "6.20.0"
  resolved "https://registry.yarnpkg.com/undici-types/-/undici-types-6.20.0.tgz#8171bf22c1f588d1554d55bf204bc624af388433"
  integrity sha512-Ny6QZ2Nju20vw1SRHe3d9jVu6gJ+4e3+MMpqu7pqE5HT6WsTSlce++GQmK5UXS8mzV8DSYHrQH+Xrf2jVcuKNg==

wrap-ansi@^7.0.0:
  version "7.0.0"
  resolved "https://registry.yarnpkg.com/wrap-ansi/-/wrap-ansi-7.0.0.tgz#67e145cff510a6a6984bdf1152911d69d2eb9e43"
  integrity sha512-YVGIj2kamLSTxw6NsZjoBxfSwsn0ycdesmc4p+Q21c5zPuZ1pl+NfxVdxPtdHvmNVOQ6XSYG4AUtyt/Fi7D16Q==
  dependencies:
    ansi-styles "^4.0.0"
    string-width "^4.1.0"
    strip-ansi "^6.0.0"

y18n@^5.0.5:
  version "5.0.8"
  resolved "https://registry.yarnpkg.com/y18n/-/y18n-5.0.8.tgz#7f4934d0f7ca8c56f95314939ddcd2dd91ce1d55"
  integrity sha512-0pfFzegeDWJHJIAmTLRP2DwHjdF5s7jo9tuztdQxAhINCdvS+3nGINqPd00AphqJR/0LhANUS6/+7SCb98YOfA==

yargs-parser@^21.1.1:
  version "21.1.1"
  resolved "https://registry.yarnpkg.com/yargs-parser/-/yargs-parser-21.1.1.tgz#9096bceebf990d21bb31fa9516e0ede294a77d35"
  integrity sha512-tVpsJW7DdjecAiFpbIB1e3qxIQsE6NoPc5/eTdrbbIC4h0LVsWhnoa3g+m2HclBIujHzsxZ4VJVA+GUuc2/LBw==

yargs@^17.7.2:
  version "17.7.2"
  resolved "https://registry.yarnpkg.com/yargs/-/yargs-17.7.2.tgz#991df39aca675a192b816e1e0363f9d75d2aa269"
  integrity sha512-7dSzzRQ++CKnNI/krKnYRV7JKKPUXMEh61soaHKg9mrWEhzFWhFnxPxGl+69cD1Ou63C13NUPCnmIcrvqCuM6w==
  dependencies:
    cliui "^8.0.1"
    escalade "^3.1.1"
    get-caller-file "^2.0.5"
    require-directory "^2.1.1"
    string-width "^4.2.3"
    y18n "^5.0.5"
    yargs-parser "^21.1.1"
